
Microsoft Visual Studio Solution File, Format Version 12.00
# Visual Studio Version 16
VisualStudioVersion = 16.0.30907.101
MinimumVisualStudioVersion = 10.0.40219.1
Project("{FAE04EC0-301F-11D3-BF4B-00C04F79EFBC}") = "IntegracjaSystemowProjekt.Console", "IntegracjaSystemowProjekt\IntegracjaSystemowProjekt.Console.csproj", "{524325A7-CE06-4912-B781-DCCC6EB4E872}"
EndProject
Project("{FAE04EC0-301F-11D3-BF4B-00C04F79EFBC}") = "ISP.DataAccess", "ISP.DataAccess\ISP.DataAccess.csproj", "{3DE0E21D-665A-459A-914D-A3EF1FFA2692}"
EndProject
Project("{FAE04EC0-301F-11D3-BF4B-00C04F79EFBC}") = "IntegracjaSystemowProjekt.WPF", "IntegracjaSystemowProjekt.WPF\IntegracjaSystemowProjekt.WPF.csproj", "{E58D5B40-E9E3-4665-B907-8C35F7F12AE5}"
EndProject
Project("{FAE04EC0-301F-11D3-BF4B-00C04F79EFBC}") = "ISP.DatabaseAccess", "ISP.DatabaseAccess\ISP.DatabaseAccess.csproj", "{A877F0E3-C2A5-42D5-AEF4-723EBEBCFE01}"
EndProject
Global
	GlobalSection(SolutionConfigurationPlatforms) = preSolution
		Debug|Any CPU = Debug|Any CPU
		Release|Any CPU = Release|Any CPU
	EndGlobalSection
	GlobalSection(ProjectConfigurationPlatforms) = postSolution
		{524325A7-CE06-4912-B781-DCCC6EB4E872}.Debug|Any CPU.ActiveCfg = Debug|Any CPU
		{524325A7-CE06-4912-B781-DCCC6EB4E872}.Debug|Any CPU.Build.0 = Debug|Any CPU
		{524325A7-CE06-4912-B781-DCCC6EB4E872}.Release|Any CPU.ActiveCfg = Release|Any CPU
		{524325A7-CE06-4912-B781-DCCC6EB4E872}.Release|Any CPU.Build.0 = Release|Any CPU
		{3DE0E21D-665A-459A-914D-A3EF1FFA2692}.Debug|Any CPU.ActiveCfg = Debug|Any CPU
		{3DE0E21D-665A-459A-914D-A3EF1FFA2692}.Debug|Any CPU.Build.0 = Debug|Any CPU
		{3DE0E21D-665A-459A-914D-A3EF1FFA2692}.Release|Any CPU.ActiveCfg = Release|Any CPU
		{3DE0E21D-665A-459A-914D-A3EF1FFA2692}.Release|Any CPU.Build.0 = Release|Any CPU
		{E58D5B40-E9E3-4665-B907-8C35F7F12AE5}.Debug|Any CPU.ActiveCfg = Debug|Any CPU
		{E58D5B40-E9E3-4665-B907-8C35F7F12AE5}.Debug|Any CPU.Build.0 = Debug|Any CPU
		{E58D5B40-E9E3-4665-B907-8C35F7F12AE5}.Release|Any CPU.ActiveCfg = Release|Any CPU
		{E58D5B40-E9E3-4665-B907-8C35F7F12AE5}.Release|Any CPU.Build.0 = Release|Any CPU
		{A877F0E3-C2A5-42D5-AEF4-723EBEBCFE01}.Debug|Any CPU.ActiveCfg = Debug|Any CPU
		{A877F0E3-C2A5-42D5-AEF4-723EBEBCFE01}.Debug|Any CPU.Build.0 = Debug|Any CPU
		{A877F0E3-C2A5-42D5-AEF4-723EBEBCFE01}.Release|Any CPU.ActiveCfg = Release|Any CPU
		{A877F0E3-C2A5-42D5-AEF4-723EBEBCFE01}.Release|Any CPU.Build.0 = Release|Any CPU
	EndGlobalSection
	GlobalSection(SolutionProperties) = preSolution
		HideSolutionNode = FALSE
	EndGlobalSection
	GlobalSection(ExtensibilityGlobals) = postSolution
		SolutionGuid = {6B1B704A-205A-48B4-B40D-FBE0A7444D91}
	EndGlobalSection
EndGlobal
